// !$*UTF8*$!
{
	archiveVersion = 1;
	classes = {
	};
	objectVersion = 46;
	objects = {

/* Begin PBXBuildFile section */
		010734FE1BE30F8D007BB189 /* AppDelegate.swift in Sources */ = {isa = PBXBuildFile; fileRef = 010734FD1BE30F8D007BB189 /* AppDelegate.swift */; };
		010735031BE30F8D007BB189 /* Main.storyboard in Resources */ = {isa = PBXBuildFile; fileRef = 010735011BE30F8D007BB189 /* Main.storyboard */; };
		010735061BE30F8D007BB189 /* Collection.xcdatamodeld in Sources */ = {isa = PBXBuildFile; fileRef = 010735041BE30F8D007BB189 /* Collection.xcdatamodeld */; };
		010735081BE30F8D007BB189 /* Assets.xcassets in Resources */ = {isa = PBXBuildFile; fileRef = 010735071BE30F8D007BB189 /* Assets.xcassets */; };
		0107350B1BE30F8D007BB189 /* LaunchScreen.storyboard in Resources */ = {isa = PBXBuildFile; fileRef = 010735091BE30F8D007BB189 /* LaunchScreen.storyboard */; };
		010735181BE31393007BB189 /* MainViewController.swift in Sources */ = {isa = PBXBuildFile; fileRef = 010735171BE31393007BB189 /* MainViewController.swift */; };
		0107351D1BE316A8007BB189 /* DemoListCell.swift in Sources */ = {isa = PBXBuildFile; fileRef = 0107351B1BE316A8007BB189 /* DemoListCell.swift */; };
		0107351E1BE316A8007BB189 /* DemoListCell.xib in Resources */ = {isa = PBXBuildFile; fileRef = 0107351C1BE316A8007BB189 /* DemoListCell.xib */; };
		010735251BE3317E007BB189 /* avatar.jpg in Resources */ = {isa = PBXBuildFile; fileRef = 010735241BE3317E007BB189 /* avatar.jpg */; };
		010735281BE33371007BB189 /* Next.png in Resources */ = {isa = PBXBuildFile; fileRef = 010735271BE33371007BB189 /* Next.png */; };
		0107352D1BE34250007BB189 /* SCLAlertView.swift in Sources */ = {isa = PBXBuildFile; fileRef = 0107352C1BE34250007BB189 /* SCLAlertView.swift */; };
		010735311BE34299007BB189 /* SCLAlertDemoViewController.swift in Sources */ = {isa = PBXBuildFile; fileRef = 010735301BE34299007BB189 /* SCLAlertDemoViewController.swift */; };
		010735341BE3513B007BB189 /* SwiftNotice.swift in Sources */ = {isa = PBXBuildFile; fileRef = 010735331BE3513B007BB189 /* SwiftNotice.swift */; };
		0107353A1BE351E6007BB189 /* SwiftNoticeDemoViewController.swift in Sources */ = {isa = PBXBuildFile; fileRef = 010735391BE351E6007BB189 /* SwiftNoticeDemoViewController.swift */; };
		011BFEFF1BE4AEAF00FBA791 /* CNPPopupDemoViewController.swift in Sources */ = {isa = PBXBuildFile; fileRef = 011BFEFE1BE4AEAF00FBA791 /* CNPPopupDemoViewController.swift */; };
		011BFF031BE7073600FBA791 /* LWRootViewController.swift in Sources */ = {isa = PBXBuildFile; fileRef = 011BFF021BE7073600FBA791 /* LWRootViewController.swift */; };
		011BFF051BE7094200FBA791 /* LWSecondViewController.swift in Sources */ = {isa = PBXBuildFile; fileRef = 011BFF041BE7094200FBA791 /* LWSecondViewController.swift */; };
		011BFF0C1BE9A56200FBA791 /* ClosureBack.gif in Resources */ = {isa = PBXBuildFile; fileRef = 011BFF071BE9A56200FBA791 /* ClosureBack.gif */; };
		011BFF0D1BE9A56200FBA791 /* CNPPopup.gif in Resources */ = {isa = PBXBuildFile; fileRef = 011BFF081BE9A56200FBA791 /* CNPPopup.gif */; };
		011BFF0E1BE9A56200FBA791 /* SLCNotice.gif in Resources */ = {isa = PBXBuildFile; fileRef = 011BFF091BE9A56200FBA791 /* SLCNotice.gif */; };
		011BFF0F1BE9A56200FBA791 /* SwiftNotice.gif in Resources */ = {isa = PBXBuildFile; fileRef = 011BFF0A1BE9A56200FBA791 /* SwiftNotice.gif */; };
		011BFF101BE9A56200FBA791 /* README.md in Sources */ = {isa = PBXBuildFile; fileRef = 011BFF0B1BE9A56200FBA791 /* README.md */; };
		011BFF141BE9E23A00FBA791 /* TableListPopup.swift in Sources */ = {isa = PBXBuildFile; fileRef = 011BFF131BE9E23A00FBA791 /* TableListPopup.swift */; };
		0176E0DA1C003F7C0076CBFF /* SnapkitViewController.swift in Sources */ = {isa = PBXBuildFile; fileRef = 0176E0D91C003F7C0076CBFF /* SnapkitViewController.swift */; };
		0176E0E91C00400B0076CBFF /* Constraint.swift in Sources */ = {isa = PBXBuildFile; fileRef = 0176E0DC1C00400B0076CBFF /* Constraint.swift */; };
		0176E0EA1C00400B0076CBFF /* ConstraintAttributes.swift in Sources */ = {isa = PBXBuildFile; fileRef = 0176E0DD1C00400B0076CBFF /* ConstraintAttributes.swift */; };
		0176E0EB1C00400B0076CBFF /* ConstraintDescription.swift in Sources */ = {isa = PBXBuildFile; fileRef = 0176E0DE1C00400B0076CBFF /* ConstraintDescription.swift */; };
		0176E0EC1C00400B0076CBFF /* ConstraintItem.swift in Sources */ = {isa = PBXBuildFile; fileRef = 0176E0DF1C00400B0076CBFF /* ConstraintItem.swift */; };
		0176E0ED1C00400B0076CBFF /* ConstraintMaker.swift in Sources */ = {isa = PBXBuildFile; fileRef = 0176E0E01C00400B0076CBFF /* ConstraintMaker.swift */; };
		0176E0EE1C00400B0076CBFF /* ConstraintRelation.swift in Sources */ = {isa = PBXBuildFile; fileRef = 0176E0E11C00400B0076CBFF /* ConstraintRelation.swift */; };
		0176E0EF1C00400B0076CBFF /* Debugging.swift in Sources */ = {isa = PBXBuildFile; fileRef = 0176E0E21C00400B0076CBFF /* Debugging.swift */; };
		0176E0F01C00400B0076CBFF /* EdgeInsets.swift in Sources */ = {isa = PBXBuildFile; fileRef = 0176E0E31C00400B0076CBFF /* EdgeInsets.swift */; };
		0176E0F11C00400B0076CBFF /* LayoutConstraint.swift in Sources */ = {isa = PBXBuildFile; fileRef = 0176E0E41C00400B0076CBFF /* LayoutConstraint.swift */; };
		0176E0F21C00400B0076CBFF /* SnapKit.swift in Sources */ = {isa = PBXBuildFile; fileRef = 0176E0E51C00400B0076CBFF /* SnapKit.swift */; };
		0176E0F31C00400B0076CBFF /* SourceLocation.swift in Sources */ = {isa = PBXBuildFile; fileRef = 0176E0E61C00400B0076CBFF /* SourceLocation.swift */; };
		0176E0F41C00400B0076CBFF /* View+SnapKit.swift in Sources */ = {isa = PBXBuildFile; fileRef = 0176E0E71C00400B0076CBFF /* View+SnapKit.swift */; };
		0176E0F51C00400B0076CBFF /* ViewController+SnapKit.swift in Sources */ = {isa = PBXBuildFile; fileRef = 0176E0E81C00400B0076CBFF /* ViewController+SnapKit.swift */; };
		0176E0F71C0041370076CBFF /* Containt.swift in Sources */ = {isa = PBXBuildFile; fileRef = 0176E0F61C0041370076CBFF /* Containt.swift */; };
		0176E0FB1C00D9610076CBFF /* iconfont-password.png in Resources */ = {isa = PBXBuildFile; fileRef = 0176E0F91C00D9610076CBFF /* iconfont-password.png */; };
		0176E0FC1C00D9610076CBFF /* iconfont-user.png in Resources */ = {isa = PBXBuildFile; fileRef = 0176E0FA1C00D9610076CBFF /* iconfont-user.png */; };
		017B68C31BEB8D0B0056DE7B /* ViewJumpViewController.swift in Sources */ = {isa = PBXBuildFile; fileRef = 017B68C21BEB8D0B0056DE7B /* ViewJumpViewController.swift */; };
		017B68C61BEB904F0056DE7B /* LoginViewController.swift in Sources */ = {isa = PBXBuildFile; fileRef = 017B68C41BEB904F0056DE7B /* LoginViewController.swift */; };
		0187CD9D1BF1C70100E1ADB2 /* CalculatorViewController.swift in Sources */ = {isa = PBXBuildFile; fileRef = 0187CD9C1BF1C70100E1ADB2 /* CalculatorViewController.swift */; };
		01A13C3C1BE3672100C77163 /* loading1@2x.png in Resources */ = {isa = PBXBuildFile; fileRef = 01A13C351BE3672100C77163 /* loading1@2x.png */; };
		01A13C3D1BE3672100C77163 /* loading2@2x.png in Resources */ = {isa = PBXBuildFile; fileRef = 01A13C361BE3672100C77163 /* loading2@2x.png */; };
		01A13C3E1BE3672100C77163 /* loading3@2x.png in Resources */ = {isa = PBXBuildFile; fileRef = 01A13C371BE3672100C77163 /* loading3@2x.png */; };
		01A13C3F1BE3672100C77163 /* loading4@2x.png in Resources */ = {isa = PBXBuildFile; fileRef = 01A13C381BE3672100C77163 /* loading4@2x.png */; };
		01A13C401BE3672100C77163 /* loading5@2x.png in Resources */ = {isa = PBXBuildFile; fileRef = 01A13C391BE3672100C77163 /* loading5@2x.png */; };
		01A13C411BE3672100C77163 /* loading6@2x.png in Resources */ = {isa = PBXBuildFile; fileRef = 01A13C3A1BE3672100C77163 /* loading6@2x.png */; };
		01A13C421BE3672100C77163 /* loading7@2x.png in Resources */ = {isa = PBXBuildFile; fileRef = 01A13C3B1BE3672100C77163 /* loading7@2x.png */; };
		01A13C471BE4AC6800C77163 /* CNPPopupController.m in Sources */ = {isa = PBXBuildFile; fileRef = 01A13C461BE4AC6800C77163 /* CNPPopupController.m */; };
/* End PBXBuildFile section */

/* Begin PBXFileReference section */
		010734FA1BE30F8D007BB189 /* Collection.app */ = {isa = PBXFileReference; explicitFileType = wrapper.application; includeInIndex = 0; path = Collection.app; sourceTree = BUILT_PRODUCTS_DIR; };
		010734FD1BE30F8D007BB189 /* AppDelegate.swift */ = {isa = PBXFileReference; lastKnownFileType = sourcecode.swift; path = AppDelegate.swift; sourceTree = "<group>"; };
		010735021BE30F8D007BB189 /* Base */ = {isa = PBXFileReference; lastKnownFileType = file.storyboard; name = Base; path = Base.lproj/Main.storyboard; sourceTree = "<group>"; };
		010735051BE30F8D007BB189 /* Collection.xcdatamodel */ = {isa = PBXFileReference; lastKnownFileType = wrapper.xcdatamodel; path = Collection.xcdatamodel; sourceTree = "<group>"; };
		010735071BE30F8D007BB189 /* Assets.xcassets */ = {isa = PBXFileReference; lastKnownFileType = folder.assetcatalog; path = Assets.xcassets; sourceTree = "<group>"; };
		0107350A1BE30F8D007BB189 /* Base */ = {isa = PBXFileReference; lastKnownFileType = file.storyboard; name = Base; path = Base.lproj/LaunchScreen.storyboard; sourceTree = "<group>"; };
		0107350C1BE30F8D007BB189 /* Info.plist */ = {isa = PBXFileReference; lastKnownFileType = text.plist.xml; path = Info.plist; sourceTree = "<group>"; };
		010735171BE31393007BB189 /* MainViewController.swift */ = {isa = PBXFileReference; fileEncoding = 4; lastKnownFileType = sourcecode.swift; path = MainViewController.swift; sourceTree = "<group>"; };
		0107351B1BE316A8007BB189 /* DemoListCell.swift */ = {isa = PBXFileReference; fileEncoding = 4; lastKnownFileType = sourcecode.swift; path = DemoListCell.swift; sourceTree = "<group>"; };
		0107351C1BE316A8007BB189 /* DemoListCell.xib */ = {isa = PBXFileReference; fileEncoding = 4; lastKnownFileType = file.xib; path = DemoListCell.xib; sourceTree = "<group>"; };
		010735241BE3317E007BB189 /* avatar.jpg */ = {isa = PBXFileReference; lastKnownFileType = image.jpeg; path = avatar.jpg; sourceTree = "<group>"; };
		010735271BE33371007BB189 /* Next.png */ = {isa = PBXFileReference; lastKnownFileType = image.png; path = Next.png; sourceTree = "<group>"; };
		0107352C1BE34250007BB189 /* SCLAlertView.swift */ = {isa = PBXFileReference; fileEncoding = 4; lastKnownFileType = sourcecode.swift; path = SCLAlertView.swift; sourceTree = "<group>"; };
		010735301BE34299007BB189 /* SCLAlertDemoViewController.swift */ = {isa = PBXFileReference; fileEncoding = 4; lastKnownFileType = sourcecode.swift; path = SCLAlertDemoViewController.swift; sourceTree = "<group>"; };
		010735331BE3513B007BB189 /* SwiftNotice.swift */ = {isa = PBXFileReference; fileEncoding = 4; lastKnownFileType = sourcecode.swift; path = SwiftNotice.swift; sourceTree = "<group>"; };
		010735391BE351E6007BB189 /* SwiftNoticeDemoViewController.swift */ = {isa = PBXFileReference; fileEncoding = 4; lastKnownFileType = sourcecode.swift; path = SwiftNoticeDemoViewController.swift; sourceTree = "<group>"; };
		011BFEFE1BE4AEAF00FBA791 /* CNPPopupDemoViewController.swift */ = {isa = PBXFileReference; fileEncoding = 4; lastKnownFileType = sourcecode.swift; path = CNPPopupDemoViewController.swift; sourceTree = "<group>"; };
		011BFF021BE7073600FBA791 /* LWRootViewController.swift */ = {isa = PBXFileReference; fileEncoding = 4; lastKnownFileType = sourcecode.swift; path = LWRootViewController.swift; sourceTree = "<group>"; };
		011BFF041BE7094200FBA791 /* LWSecondViewController.swift */ = {isa = PBXFileReference; fileEncoding = 4; lastKnownFileType = sourcecode.swift; path = LWSecondViewController.swift; sourceTree = "<group>"; };
		011BFF071BE9A56200FBA791 /* ClosureBack.gif */ = {isa = PBXFileReference; lastKnownFileType = image.gif; path = ClosureBack.gif; sourceTree = "<group>"; };
		011BFF081BE9A56200FBA791 /* CNPPopup.gif */ = {isa = PBXFileReference; lastKnownFileType = image.gif; path = CNPPopup.gif; sourceTree = "<group>"; };
		011BFF091BE9A56200FBA791 /* SLCNotice.gif */ = {isa = PBXFileReference; lastKnownFileType = image.gif; path = SLCNotice.gif; sourceTree = "<group>"; };
		011BFF0A1BE9A56200FBA791 /* SwiftNotice.gif */ = {isa = PBXFileReference; lastKnownFileType = image.gif; path = SwiftNotice.gif; sourceTree = "<group>"; };
		011BFF0B1BE9A56200FBA791 /* README.md */ = {isa = PBXFileReference; fileEncoding = 4; lastKnownFileType = net.daringfireball.markdown; path = README.md; sourceTree = "<group>"; };
		011BFF131BE9E23A00FBA791 /* TableListPopup.swift */ = {isa = PBXFileReference; fileEncoding = 4; lastKnownFileType = sourcecode.swift; path = TableListPopup.swift; sourceTree = "<group>"; };
		0176E0D91C003F7C0076CBFF /* SnapkitViewController.swift */ = {isa = PBXFileReference; fileEncoding = 4; lastKnownFileType = sourcecode.swift; path = SnapkitViewController.swift; sourceTree = "<group>"; };
		0176E0DC1C00400B0076CBFF /* Constraint.swift */ = {isa = PBXFileReference; fileEncoding = 4; lastKnownFileType = sourcecode.swift; path = Constraint.swift; sourceTree = "<group>"; };
		0176E0DD1C00400B0076CBFF /* ConstraintAttributes.swift */ = {isa = PBXFileReference; fileEncoding = 4; lastKnownFileType = sourcecode.swift; path = ConstraintAttributes.swift; sourceTree = "<group>"; };
		0176E0DE1C00400B0076CBFF /* ConstraintDescription.swift */ = {isa = PBXFileReference; fileEncoding = 4; lastKnownFileType = sourcecode.swift; path = ConstraintDescription.swift; sourceTree = "<group>"; };
		0176E0DF1C00400B0076CBFF /* ConstraintItem.swift */ = {isa = PBXFileReference; fileEncoding = 4; lastKnownFileType = sourcecode.swift; path = ConstraintItem.swift; sourceTree = "<group>"; };
		0176E0E01C00400B0076CBFF /* ConstraintMaker.swift */ = {isa = PBXFileReference; fileEncoding = 4; lastKnownFileType = sourcecode.swift; path = ConstraintMaker.swift; sourceTree = "<group>"; };
		0176E0E11C00400B0076CBFF /* ConstraintRelation.swift */ = {isa = PBXFileReference; fileEncoding = 4; lastKnownFileType = sourcecode.swift; path = ConstraintRelation.swift; sourceTree = "<group>"; };
		0176E0E21C00400B0076CBFF /* Debugging.swift */ = {isa = PBXFileReference; fileEncoding = 4; lastKnownFileType = sourcecode.swift; path = Debugging.swift; sourceTree = "<group>"; };
		0176E0E31C00400B0076CBFF /* EdgeInsets.swift */ = {isa = PBXFileReference; fileEncoding = 4; lastKnownFileType = sourcecode.swift; path = EdgeInsets.swift; sourceTree = "<group>"; };
		0176E0E41C00400B0076CBFF /* LayoutConstraint.swift */ = {isa = PBXFileReference; fileEncoding = 4; lastKnownFileType = sourcecode.swift; path = LayoutConstraint.swift; sourceTree = "<group>"; };
		0176E0E51C00400B0076CBFF /* SnapKit.swift */ = {isa = PBXFileReference; fileEncoding = 4; lastKnownFileType = sourcecode.swift; path = SnapKit.swift; sourceTree = "<group>"; };
		0176E0E61C00400B0076CBFF /* SourceLocation.swift */ = {isa = PBXFileReference; fileEncoding = 4; lastKnownFileType = sourcecode.swift; path = SourceLocation.swift; sourceTree = "<group>"; };
		0176E0E71C00400B0076CBFF /* View+SnapKit.swift */ = {isa = PBXFileReference; fileEncoding = 4; lastKnownFileType = sourcecode.swift; path = "View+SnapKit.swift"; sourceTree = "<group>"; };
		0176E0E81C00400B0076CBFF /* ViewController+SnapKit.swift */ = {isa = PBXFileReference; fileEncoding = 4; lastKnownFileType = sourcecode.swift; path = "ViewController+SnapKit.swift"; sourceTree = "<group>"; };
		0176E0F61C0041370076CBFF /* Containt.swift */ = {isa = PBXFileReference; fileEncoding = 4; lastKnownFileType = sourcecode.swift; path = Containt.swift; sourceTree = "<group>"; };
		0176E0F91C00D9610076CBFF /* iconfont-password.png */ = {isa = PBXFileReference; lastKnownFileType = image.png; path = "iconfont-password.png"; sourceTree = "<group>"; };
		0176E0FA1C00D9610076CBFF /* iconfont-user.png */ = {isa = PBXFileReference; lastKnownFileType = image.png; path = "iconfont-user.png"; sourceTree = "<group>"; };
		017B68C21BEB8D0B0056DE7B /* ViewJumpViewController.swift */ = {isa = PBXFileReference; fileEncoding = 4; lastKnownFileType = sourcecode.swift; path = ViewJumpViewController.swift; sourceTree = "<group>"; };
		017B68C41BEB904F0056DE7B /* LoginViewController.swift */ = {isa = PBXFileReference; fileEncoding = 4; lastKnownFileType = sourcecode.swift; path = LoginViewController.swift; sourceTree = "<group>"; };
		0187CD9C1BF1C70100E1ADB2 /* CalculatorViewController.swift */ = {isa = PBXFileReference; fileEncoding = 4; lastKnownFileType = sourcecode.swift; path = CalculatorViewController.swift; sourceTree = "<group>"; };
		01A13C351BE3672100C77163 /* loading1@2x.png */ = {isa = PBXFileReference; lastKnownFileType = image.png; path = "loading1@2x.png"; sourceTree = "<group>"; };
		01A13C361BE3672100C77163 /* loading2@2x.png */ = {isa = PBXFileReference; lastKnownFileType = image.png; path = "loading2@2x.png"; sourceTree = "<group>"; };
		01A13C371BE3672100C77163 /* loading3@2x.png */ = {isa = PBXFileReference; lastKnownFileType = image.png; path = "loading3@2x.png"; sourceTree = "<group>"; };
		01A13C381BE3672100C77163 /* loading4@2x.png */ = {isa = PBXFileReference; lastKnownFileType = image.png; path = "loading4@2x.png"; sourceTree = "<group>"; };
		01A13C391BE3672100C77163 /* loading5@2x.png */ = {isa = PBXFileReference; lastKnownFileType = image.png; path = "loading5@2x.png"; sourceTree = "<group>"; };
		01A13C3A1BE3672100C77163 /* loading6@2x.png */ = {isa = PBXFileReference; lastKnownFileType = image.png; path = "loading6@2x.png"; sourceTree = "<group>"; };
		01A13C3B1BE3672100C77163 /* loading7@2x.png */ = {isa = PBXFileReference; lastKnownFileType = image.png; path = "loading7@2x.png"; sourceTree = "<group>"; };
		01A13C431BE36E6F00C77163 /* Collection-Bridging-Header.h */ = {isa = PBXFileReference; lastKnownFileType = sourcecode.c.h; path = "Collection-Bridging-Header.h"; sourceTree = "<group>"; };
		01A13C451BE4AC6800C77163 /* CNPPopupController.h */ = {isa = PBXFileReference; fileEncoding = 4; lastKnownFileType = sourcecode.c.h; path = CNPPopupController.h; sourceTree = "<group>"; };
		01A13C461BE4AC6800C77163 /* CNPPopupController.m */ = {isa = PBXFileReference; fileEncoding = 4; lastKnownFileType = sourcecode.c.objc; path = CNPPopupController.m; sourceTree = "<group>"; };
/* End PBXFileReference section */

/* Begin PBXFrameworksBuildPhase section */
		010734F71BE30F8D007BB189 /* Frameworks */ = {
			isa = PBXFrameworksBuildPhase;
			buildActionMask = 2147483647;
			files = (
			);
			runOnlyForDeploymentPostprocessing = 0;
		};
/* End PBXFrameworksBuildPhase section */

/* Begin PBXGroup section */
		010734F11BE30F8D007BB189 = {
			isa = PBXGroup;
			children = (
				011BFF061BE9A56200FBA791 /* CollectionGIF */,
				011BFF0B1BE9A56200FBA791 /* README.md */,
				010734FC1BE30F8D007BB189 /* Collection */,
				010734FB1BE30F8D007BB189 /* Products */,
			);
			sourceTree = "<group>";
		};
		010734FB1BE30F8D007BB189 /* Products */ = {
			isa = PBXGroup;
			children = (
				010734FA1BE30F8D007BB189 /* Collection.app */,
			);
			name = Products;
			sourceTree = "<group>";
		};
		010734FC1BE30F8D007BB189 /* Collection */ = {
			isa = PBXGroup;
			children = (
				011BFF111BE9E07800FBA791 /* Lib */,
				0107352A1BE34250007BB189 /* ThirdParty */,
				010735211BE3317E007BB189 /* Asset */,
				010735121BE31030007BB189 /* Controller */,
				010735141BE31030007BB189 /* View */,
				010734FD1BE30F8D007BB189 /* AppDelegate.swift */,
				010735011BE30F8D007BB189 /* Main.storyboard */,
				010735071BE30F8D007BB189 /* Assets.xcassets */,
				010735091BE30F8D007BB189 /* LaunchScreen.storyboard */,
				0107350C1BE30F8D007BB189 /* Info.plist */,
				010735041BE30F8D007BB189 /* Collection.xcdatamodeld */,
				01A13C431BE36E6F00C77163 /* Collection-Bridging-Header.h */,
			);
			path = Collection;
			sourceTree = "<group>";
		};
		010735121BE31030007BB189 /* Controller */ = {
			isa = PBXGroup;
			children = (
				0107352E1BE34280007BB189 /* Demos */,
				010735131BE31030007BB189 /* Main */,
			);
			path = Controller;
			sourceTree = "<group>";
		};
		010735131BE31030007BB189 /* Main */ = {
			isa = PBXGroup;
			children = (
				010735171BE31393007BB189 /* MainViewController.swift */,
			);
			path = Main;
			sourceTree = "<group>";
		};
		010735141BE31030007BB189 /* View */ = {
			isa = PBXGroup;
			children = (
				010735191BE31665007BB189 /* Cell */,
			);
			path = View;
			sourceTree = "<group>";
		};
		010735191BE31665007BB189 /* Cell */ = {
			isa = PBXGroup;
			children = (
				0107351A1BE31665007BB189 /* DemoCell */,
			);
			path = Cell;
			sourceTree = "<group>";
		};
		0107351A1BE31665007BB189 /* DemoCell */ = {
			isa = PBXGroup;
			children = (
				0107351B1BE316A8007BB189 /* DemoListCell.swift */,
				0107351C1BE316A8007BB189 /* DemoListCell.xib */,
			);
			path = DemoCell;
			sourceTree = "<group>";
		};
		010735211BE3317E007BB189 /* Asset */ = {
			isa = PBXGroup;
			children = (
				010735221BE3317E007BB189 /* Image */,
			);
			path = Asset;
			sourceTree = "<group>";
		};
		010735221BE3317E007BB189 /* Image */ = {
			isa = PBXGroup;
			children = (
				0176E0F81C00D9610076CBFF /* Login */,
				01A13C341BE3672100C77163 /* Loading */,
				010735261BE33371007BB189 /* ToolImg */,
				010735231BE3317E007BB189 /* Avatar */,
			);
			path = Image;
			sourceTree = "<group>";
		};
		010735231BE3317E007BB189 /* Avatar */ = {
			isa = PBXGroup;
			children = (
				010735241BE3317E007BB189 /* avatar.jpg */,
			);
			path = Avatar;
			sourceTree = "<group>";
		};
		010735261BE33371007BB189 /* ToolImg */ = {
			isa = PBXGroup;
			children = (
				010735271BE33371007BB189 /* Next.png */,
			);
			path = ToolImg;
			sourceTree = "<group>";
		};
		0107352A1BE34250007BB189 /* ThirdParty */ = {
			isa = PBXGroup;
			children = (
				0176E0DB1C00400B0076CBFF /* Snapkit */,
				01A13C441BE4AC6800C77163 /* CNPPopup */,
				010735321BE3513B007BB189 /* SwiftNotice */,
				0107352B1BE34250007BB189 /* SCLAlert */,
			);
			path = ThirdParty;
			sourceTree = "<group>";
		};
		0107352B1BE34250007BB189 /* SCLAlert */ = {
			isa = PBXGroup;
			children = (
				0107352C1BE34250007BB189 /* SCLAlertView.swift */,
			);
			path = SCLAlert;
			sourceTree = "<group>";
		};
		0107352E1BE34280007BB189 /* Demos */ = {
			isa = PBXGroup;
			children = (
				0176E0D81C003F5C0076CBFF /* SnapkitLayout */,
				0187CD9B1BF1C6E100E1ADB2 /* Calculator */,
				017B68C11BEB8CFB0056DE7B /* ViewJump */,
				011BFEFD1BE4AE9000FBA791 /* CNPPopupDemo */,
				010735381BE351D5007BB189 /* SwiftNoticeDemo */,
				0107352F1BE34280007BB189 /* SCLAlertDemo */,
			);
			path = Demos;
			sourceTree = "<group>";
		};
		0107352F1BE34280007BB189 /* SCLAlertDemo */ = {
			isa = PBXGroup;
			children = (
				010735301BE34299007BB189 /* SCLAlertDemoViewController.swift */,
			);
			path = SCLAlertDemo;
			sourceTree = "<group>";
		};
		010735321BE3513B007BB189 /* SwiftNotice */ = {
			isa = PBXGroup;
			children = (
				010735331BE3513B007BB189 /* SwiftNotice.swift */,
			);
			path = SwiftNotice;
			sourceTree = "<group>";
		};
		010735381BE351D5007BB189 /* SwiftNoticeDemo */ = {
			isa = PBXGroup;
			children = (
				010735391BE351E6007BB189 /* SwiftNoticeDemoViewController.swift */,
			);
			path = SwiftNoticeDemo;
			sourceTree = "<group>";
		};
		011BFEFD1BE4AE9000FBA791 /* CNPPopupDemo */ = {
			isa = PBXGroup;
			children = (
				011BFEFE1BE4AEAF00FBA791 /* CNPPopupDemoViewController.swift */,
				011BFF021BE7073600FBA791 /* LWRootViewController.swift */,
				011BFF041BE7094200FBA791 /* LWSecondViewController.swift */,
			);
			path = CNPPopupDemo;
			sourceTree = "<group>";
		};
		011BFF061BE9A56200FBA791 /* CollectionGIF */ = {
			isa = PBXGroup;
			children = (
				011BFF071BE9A56200FBA791 /* ClosureBack.gif */,
				011BFF081BE9A56200FBA791 /* CNPPopup.gif */,
				011BFF091BE9A56200FBA791 /* SLCNotice.gif */,
				011BFF0A1BE9A56200FBA791 /* SwiftNotice.gif */,
			);
			path = CollectionGIF;
			sourceTree = "<group>";
		};
		011BFF111BE9E07800FBA791 /* Lib */ = {
			isa = PBXGroup;
			children = (
				011BFF121BE9E07800FBA791 /* MyPopup */,
				0176E0F61C0041370076CBFF /* Containt.swift */,
			);
			path = Lib;
			sourceTree = "<group>";
		};
		011BFF121BE9E07800FBA791 /* MyPopup */ = {
			isa = PBXGroup;
			children = (
				011BFF131BE9E23A00FBA791 /* TableListPopup.swift */,
			);
			path = MyPopup;
			sourceTree = "<group>";
		};
		0176E0D81C003F5C0076CBFF /* SnapkitLayout */ = {
			isa = PBXGroup;
			children = (
				0176E0D91C003F7C0076CBFF /* SnapkitViewController.swift */,
			);
			path = SnapkitLayout;
			sourceTree = "<group>";
		};
		0176E0DB1C00400B0076CBFF /* Snapkit */ = {
			isa = PBXGroup;
			children = (
				0176E0DC1C00400B0076CBFF /* Constraint.swift */,
				0176E0DD1C00400B0076CBFF /* ConstraintAttributes.swift */,
				0176E0DE1C00400B0076CBFF /* ConstraintDescription.swift */,
				0176E0DF1C00400B0076CBFF /* ConstraintItem.swift */,
				0176E0E01C00400B0076CBFF /* ConstraintMaker.swift */,
				0176E0E11C00400B0076CBFF /* ConstraintRelation.swift */,
				0176E0E21C00400B0076CBFF /* Debugging.swift */,
				0176E0E31C00400B0076CBFF /* EdgeInsets.swift */,
				0176E0E41C00400B0076CBFF /* LayoutConstraint.swift */,
				0176E0E51C00400B0076CBFF /* SnapKit.swift */,
				0176E0E61C00400B0076CBFF /* SourceLocation.swift */,
				0176E0E71C00400B0076CBFF /* View+SnapKit.swift */,
				0176E0E81C00400B0076CBFF /* ViewController+SnapKit.swift */,
			);
			path = Snapkit;
			sourceTree = "<group>";
		};
		0176E0F81C00D9610076CBFF /* Login */ = {
			isa = PBXGroup;
			children = (
				0176E0F91C00D9610076CBFF /* iconfont-password.png */,
				0176E0FA1C00D9610076CBFF /* iconfont-user.png */,
			);
			path = Login;
			sourceTree = "<group>";
		};
		017B68C11BEB8CFB0056DE7B /* ViewJump */ = {
			isa = PBXGroup;
			children = (
				017B68C21BEB8D0B0056DE7B /* ViewJumpViewController.swift */,
				017B68C41BEB904F0056DE7B /* LoginViewController.swift */,
			);
			path = ViewJump;
			sourceTree = "<group>";
		};
		0187CD9B1BF1C6E100E1ADB2 /* Calculator */ = {
			isa = PBXGroup;
			children = (
				0187CD9C1BF1C70100E1ADB2 /* CalculatorViewController.swift */,
			);
			path = Calculator;
			sourceTree = "<group>";
		};
		01A13C341BE3672100C77163 /* Loading */ = {
			isa = PBXGroup;
			children = (
				01A13C351BE3672100C77163 /* loading1@2x.png */,
				01A13C361BE3672100C77163 /* loading2@2x.png */,
				01A13C371BE3672100C77163 /* loading3@2x.png */,
				01A13C381BE3672100C77163 /* loading4@2x.png */,
				01A13C391BE3672100C77163 /* loading5@2x.png */,
				01A13C3A1BE3672100C77163 /* loading6@2x.png */,
				01A13C3B1BE3672100C77163 /* loading7@2x.png */,
			);
			path = Loading;
			sourceTree = "<group>";
		};
		01A13C441BE4AC6800C77163 /* CNPPopup */ = {
			isa = PBXGroup;
			children = (
				01A13C451BE4AC6800C77163 /* CNPPopupController.h */,
				01A13C461BE4AC6800C77163 /* CNPPopupController.m */,
			);
			path = CNPPopup;
			sourceTree = "<group>";
		};
/* End PBXGroup section */

/* Begin PBXNativeTarget section */
		010734F91BE30F8D007BB189 /* Collection */ = {
			isa = PBXNativeTarget;
			buildConfigurationList = 0107350F1BE30F8D007BB189 /* Build configuration list for PBXNativeTarget "Collection" */;
			buildPhases = (
				010734F61BE30F8D007BB189 /* Sources */,
				010734F71BE30F8D007BB189 /* Frameworks */,
				010734F81BE30F8D007BB189 /* Resources */,
			);
			buildRules = (
			);
			dependencies = (
			);
			name = Collection;
			productName = Collection;
			productReference = 010734FA1BE30F8D007BB189 /* Collection.app */;
			productType = "com.apple.product-type.application";
		};
/* End PBXNativeTarget section */

/* Begin PBXProject section */
		010734F21BE30F8D007BB189 /* Project object */ = {
			isa = PBXProject;
			attributes = {
				LastSwiftUpdateCheck = 0710;
				LastUpgradeCheck = 0710;
				ORGANIZATIONNAME = lawrence_liu;
				TargetAttributes = {
					010734F91BE30F8D007BB189 = {
						CreatedOnToolsVersion = 7.1;
					};
				};
			};
			buildConfigurationList = 010734F51BE30F8D007BB189 /* Build configuration list for PBXProject "Collection" */;
			compatibilityVersion = "Xcode 3.2";
			developmentRegion = English;
			hasScannedForEncodings = 0;
			knownRegions = (
				en,
				Base,
			);
			mainGroup = 010734F11BE30F8D007BB189;
			productRefGroup = 010734FB1BE30F8D007BB189 /* Products */;
			projectDirPath = "";
			projectRoot = "";
			targets = (
				010734F91BE30F8D007BB189 /* Collection */,
			);
		};
/* End PBXProject section */

/* Begin PBXResourcesBuildPhase section */
		010734F81BE30F8D007BB189 /* Resources */ = {
			isa = PBXResourcesBuildPhase;
			buildActionMask = 2147483647;
			files = (
				0176E0FB1C00D9610076CBFF /* iconfont-password.png in Resources */,
				01A13C411BE3672100C77163 /* loading6@2x.png in Resources */,
				011BFF0C1BE9A56200FBA791 /* ClosureBack.gif in Resources */,
				01A13C3F1BE3672100C77163 /* loading4@2x.png in Resources */,
				010735281BE33371007BB189 /* Next.png in Resources */,
				01A13C421BE3672100C77163 /* loading7@2x.png in Resources */,
				011BFF0F1BE9A56200FBA791 /* SwiftNotice.gif in Resources */,
				011BFF0E1BE9A56200FBA791 /* SLCNotice.gif in Resources */,
				0107350B1BE30F8D007BB189 /* LaunchScreen.storyboard in Resources */,
				010735251BE3317E007BB189 /* avatar.jpg in Resources */,
				01A13C3E1BE3672100C77163 /* loading3@2x.png in Resources */,
				010735081BE30F8D007BB189 /* Assets.xcassets in Resources */,
				01A13C401BE3672100C77163 /* loading5@2x.png in Resources */,
				011BFF0D1BE9A56200FBA791 /* CNPPopup.gif in Resources */,
				01A13C3D1BE3672100C77163 /* loading2@2x.png in Resources */,
				01A13C3C1BE3672100C77163 /* loading1@2x.png in Resources */,
				0107351E1BE316A8007BB189 /* DemoListCell.xib in Resources */,
				010735031BE30F8D007BB189 /* Main.storyboard in Resources */,
				0176E0FC1C00D9610076CBFF /* iconfont-user.png in Resources */,
			);
			runOnlyForDeploymentPostprocessing = 0;
		};
/* End PBXResourcesBuildPhase section */

/* Begin PBXSourcesBuildPhase section */
		010734F61BE30F8D007BB189 /* Sources */ = {
			isa = PBXSourcesBuildPhase;
			buildActionMask = 2147483647;
			files = (
				0176E0F01C00400B0076CBFF /* EdgeInsets.swift in Sources */,
				010735311BE34299007BB189 /* SCLAlertDemoViewController.swift in Sources */,
				0107353A1BE351E6007BB189 /* SwiftNoticeDemoViewController.swift in Sources */,
				0176E0ED1C00400B0076CBFF /* ConstraintMaker.swift in Sources */,
				0107351D1BE316A8007BB189 /* DemoListCell.swift in Sources */,
				011BFF141BE9E23A00FBA791 /* TableListPopup.swift in Sources */,
				0176E0F21C00400B0076CBFF /* SnapKit.swift in Sources */,
				010735061BE30F8D007BB189 /* Collection.xcdatamodeld in Sources */,
				0176E0EB1C00400B0076CBFF /* ConstraintDescription.swift in Sources */,
				0176E0F71C0041370076CBFF /* Containt.swift in Sources */,
				0176E0F51C00400B0076CBFF /* ViewController+SnapKit.swift in Sources */,
				011BFF101BE9A56200FBA791 /* README.md in Sources */,
				011BFF031BE7073600FBA791 /* LWRootViewController.swift in Sources */,
				0176E0F41C00400B0076CBFF /* View+SnapKit.swift in Sources */,
				010734FE1BE30F8D007BB189 /* AppDelegate.swift in Sources */,
				01A13C471BE4AC6800C77163 /* CNPPopupController.m in Sources */,
				0176E0DA1C003F7C0076CBFF /* SnapkitViewController.swift in Sources */,
				0176E0F31C00400B0076CBFF /* SourceLocation.swift in Sources */,
				011BFF051BE7094200FBA791 /* LWSecondViewController.swift in Sources */,
				0107352D1BE34250007BB189 /* SCLAlertView.swift in Sources */,
				010735341BE3513B007BB189 /* SwiftNotice.swift in Sources */,
				0176E0EA1C00400B0076CBFF /* ConstraintAttributes.swift in Sources */,
				0176E0EC1C00400B0076CBFF /* ConstraintItem.swift in Sources */,
				0176E0EF1C00400B0076CBFF /* Debugging.swift in Sources */,
				017B68C61BEB904F0056DE7B /* LoginViewController.swift in Sources */,
				017B68C31BEB8D0B0056DE7B /* ViewJumpViewController.swift in Sources */,
				011BFEFF1BE4AEAF00FBA791 /* CNPPopupDemoViewController.swift in Sources */,
				010735181BE31393007BB189 /* MainViewController.swift in Sources */,
				0176E0F11C00400B0076CBFF /* LayoutConstraint.swift in Sources */,
				0176E0E91C00400B0076CBFF /* Constraint.swift in Sources */,
				0176E0EE1C00400B0076CBFF /* ConstraintRelation.swift in Sources */,
				0187CD9D1BF1C70100E1ADB2 /* CalculatorViewController.swift in Sources */,
			);
			runOnlyForDeploymentPostprocessing = 0;
		};
/* End PBXSourcesBuildPhase section */

/* Begin PBXVariantGroup section */
		010735011BE30F8D007BB189 /* Main.storyboard */ = {
			isa = PBXVariantGroup;
			children = (
				010735021BE30F8D007BB189 /* Base */,
			);
			name = Main.storyboard;
			sourceTree = "<group>";
		};
		010735091BE30F8D007BB189 /* LaunchScreen.storyboard */ = {
			isa = PBXVariantGroup;
			children = (
				0107350A1BE30F8D007BB189 /* Base */,
			);
			name = LaunchScreen.storyboard;
			sourceTree = "<group>";
		};
/* End PBXVariantGroup section */

/* Begin XCBuildConfiguration section */
		0107350D1BE30F8D007BB189 /* Debug */ = {
			isa = XCBuildConfiguration;
			buildSettings = {
				ALWAYS_SEARCH_USER_PATHS = NO;
				CLANG_CXX_LANGUAGE_STANDARD = "gnu++0x";
				CLANG_CXX_LIBRARY = "libc++";
				CLANG_ENABLE_MODULES = YES;
				CLANG_ENABLE_OBJC_ARC = YES;
				CLANG_WARN_BOOL_CONVERSION = YES;
				CLANG_WARN_CONSTANT_CONVERSION = YES;
				CLANG_WARN_DIRECT_OBJC_ISA_USAGE = YES_ERROR;
				CLANG_WARN_EMPTY_BODY = YES;
				CLANG_WARN_ENUM_CONVERSION = YES;
				CLANG_WARN_INT_CONVERSION = YES;
				CLANG_WARN_OBJC_ROOT_CLASS = YES_ERROR;
				CLANG_WARN_UNREACHABLE_CODE = YES;
				CLANG_WARN__DUPLICATE_METHOD_MATCH = YES;
				"CODE_SIGN_IDENTITY[sdk=iphoneos*]" = "iPhone Developer";
				COPY_PHASE_STRIP = NO;
				DEBUG_INFORMATION_FORMAT = dwarf;
				ENABLE_STRICT_OBJC_MSGSEND = YES;
				ENABLE_TESTABILITY = YES;
				GCC_C_LANGUAGE_STANDARD = gnu99;
				GCC_DYNAMIC_NO_PIC = NO;
				GCC_NO_COMMON_BLOCKS = YES;
				GCC_OPTIMIZATION_LEVEL = 0;
				GCC_PREPROCESSOR_DEFINITIONS = (
					"DEBUG=1",
					"$(inherited)",
				);
				GCC_WARN_64_TO_32_BIT_CONVERSION = YES;
				GCC_WARN_ABOUT_RETURN_TYPE = YES_ERROR;
				GCC_WARN_UNDECLARED_SELECTOR = YES;
				GCC_WARN_UNINITIALIZED_AUTOS = YES_AGGRESSIVE;
				GCC_WARN_UNUSED_FUNCTION = YES;
				GCC_WARN_UNUSED_VARIABLE = YES;
				IPHONEOS_DEPLOYMENT_TARGET = 9.1;
				MTL_ENABLE_DEBUG_INFO = YES;
				ONLY_ACTIVE_ARCH = YES;
				SDKROOT = iphoneos;
				SWIFT_OPTIMIZATION_LEVEL = "-Onone";
			};
			name = Debug;
		};
		0107350E1BE30F8D007BB189 /* Release */ = {
			isa = XCBuildConfiguration;
			buildSettings = {
				ALWAYS_SEARCH_USER_PATHS = NO;
				CLANG_CXX_LANGUAGE_STANDARD = "gnu++0x";
				CLANG_CXX_LIBRARY = "libc++";
				CLANG_ENABLE_MODULES = YES;
				CLANG_ENABLE_OBJC_ARC = YES;
				CLANG_WARN_BOOL_CONVERSION = YES;
				CLANG_WARN_CONSTANT_CONVERSION = YES;
				CLANG_WARN_DIRECT_OBJC_ISA_USAGE = YES_ERROR;
				CLANG_WARN_EMPTY_BODY = YES;
				CLANG_WARN_ENUM_CONVERSION = YES;
				CLANG_WARN_INT_CONVERSION = YES;
				CLANG_WARN_OBJC_ROOT_CLASS = YES_ERROR;
				CLANG_WARN_UNREACHABLE_CODE = YES;
				CLANG_WARN__DUPLICATE_METHOD_MATCH = YES;
				"CODE_SIGN_IDENTITY[sdk=iphoneos*]" = "iPhone Developer";
				COPY_PHASE_STRIP = NO;
				DEBUG_INFORMATION_FORMAT = "dwarf-with-dsym";
				ENABLE_NS_ASSERTIONS = NO;
				ENABLE_STRICT_OBJC_MSGSEND = YES;
				GCC_C_LANGUAGE_STANDARD = gnu99;
				GCC_NO_COMMON_BLOCKS = YES;
				GCC_WARN_64_TO_32_BIT_CONVERSION = YES;
				GCC_WARN_ABOUT_RETURN_TYPE = YES_ERROR;
				GCC_WARN_UNDECLARED_SELECTOR = YES;
				GCC_WARN_UNINITIALIZED_AUTOS = YES_AGGRESSIVE;
				GCC_WARN_UNUSED_FUNCTION = YES;
				GCC_WARN_UNUSED_VARIABLE = YES;
				IPHONEOS_DEPLOYMENT_TARGET = 9.1;
				MTL_ENABLE_DEBUG_INFO = NO;
				SDKROOT = iphoneos;
				VALIDATE_PRODUCT = YES;
			};
			name = Release;
		};
		010735101BE30F8D007BB189 /* Debug */ = {
			isa = XCBuildConfiguration;
			buildSettings = {
				ASSETCATALOG_COMPILER_APPICON_NAME = AppIcon;
				INFOPLIST_FILE = Collection/Info.plist;
				IPHONEOS_DEPLOYMENT_TARGET = 7.0;
				LD_RUNPATH_SEARCH_PATHS = "$(inherited) @executable_path/Frameworks";
				OTHER_SWIFT_FLAGS = "-DSNAPKIT_DEPLOYMENT_LEGACY";
				PRODUCT_BUNDLE_IDENTIFIER = "com.lawrence-liu.Collection";
				PRODUCT_NAME = "$(TARGET_NAME)";
				SWIFT_OBJC_BRIDGING_HEADER = "Collection/Collection-Bridging-Header.h";
			};
			name = Debug;
		};
		010735111BE30F8D007BB189 /* Release */ = {
			isa = XCBuildConfiguration;
			buildSettings = {
				ASSETCATALOG_COMPILER_APPICON_NAME = AppIcon;
				INFOPLIST_FILE = Collection/Info.plist;
				IPHONEOS_DEPLOYMENT_TARGET = 7.0;
				LD_RUNPATH_SEARCH_PATHS = "$(inherited) @executable_path/Frameworks";
				OTHER_SWIFT_FLAGS = "-DSNAPKIT_DEPLOYMENT_LEGACY";
				PRODUCT_BUNDLE_IDENTIFIER = "com.lawrence-liu.Collection";
				PRODUCT_NAME = "$(TARGET_NAME)";
				SWIFT_OBJC_BRIDGING_HEADER = "Collection/Collection-Bridging-Header.h";
			};
			name = Release;
		};
/* End XCBuildConfiguration section */

/* Begin XCConfigurationList section */
		010734F51BE30F8D007BB189 /* Build configuration list for PBXProject "Collection" */ = {
			isa = XCConfigurationList;
			buildConfigurations = (
				0107350D1BE30F8D007BB189 /* Debug */,
				0107350E1BE30F8D007BB189 /* Release */,
			);
			defaultConfigurationIsVisible = 0;
			defaultConfigurationName = Release;
		};
		0107350F1BE30F8D007BB189 /* Build configuration list for PBXNativeTarget "Collection" */ = {
			isa = XCConfigurationList;
			buildConfigurations = (
				010735101BE30F8D007BB189 /* Debug */,
				010735111BE30F8D007BB189 /* Release */,
			);
			defaultConfigurationIsVisible = 0;
			defaultConfigurationName = Release;
		};
/* End XCConfigurationList section */

/* Begin XCVersionGroup section */
		010735041BE30F8D007BB189 /* Collection.xcdatamodeld */ = {
			isa = XCVersionGroup;
			children = (
				010735051BE30F8D007BB189 /* Collection.xcdatamodel */,
			);
			currentVersion = 010735051BE30F8D007BB189 /* Collection.xcdatamodel */;
			path = Collection.xcdatamodeld;
			sourceTree = "<group>";
			versionGroupType = wrapper.xcdatamodel;
		};
/* End XCVersionGroup section */
	};
	rootObject = 010734F21BE30F8D007BB189 /* Project object */;
}
